
Microsoft Visual Studio Solution File, Format Version 12.00
# Visual Studio Version 16
VisualStudioVersion = 16.0.30611.23
MinimumVisualStudioVersion = 10.0.40219.1
Project("{FAE04EC0-301F-11D3-BF4B-00C04F79EFBC}") = "Download Speed Calculator", "Download Speed Calculator\Download Speed Calculator.csproj", "{676A29B6-60FE-404A-9E49-85EA0A8DFE94}"
EndProject
Global
	GlobalSection(SolutionConfigurationPlatforms) = preSolution
		Debug|Any CPU = Debug|Any CPU
		Release|Any CPU = Release|Any CPU
	EndGlobalSection
	GlobalSection(ProjectConfigurationPlatforms) = postSolution
		{676A29B6-60FE-404A-9E49-85EA0A8DFE94}.Debug|Any CPU.ActiveCfg = Debug|Any CPU
		{676A29B6-60FE-404A-9E49-85EA0A8DFE94}.Debug|Any CPU.Build.0 = Debug|Any CPU
		{676A29B6-60FE-404A-9E49-85EA0A8DFE94}.Release|Any CPU.ActiveCfg = Release|Any CPU
		{676A29B6-60FE-404A-9E49-85EA0A8DFE94}.Release|Any CPU.Build.0 = Release|Any CPU
	EndGlobalSection
	GlobalSection(SolutionProperties) = preSolution
		HideSolutionNode = FALSE
	EndGlobalSection
	GlobalSection(ExtensibilityGlobals) = postSolution
		SolutionGuid = {7801EF18-9E0B-4917-ABC8-8D6EAFEA4B68}
	EndGlobalSection
EndGlobal
